<Solution>
  <Project Path="CourseProject_InventoryManagement.Application/CourseProject_InventoryManagement.Application.csproj" Id="ebc4c27f-f7cf-43ed-894e-0890638caff4" />
  <Project Path="CourseProject_InventoryManagement.WebApi/CourseProject_InventoryManagement.WebApi.csproj" Id="e5691c82-3071-440e-bf9f-9d4ba13d471e" />
</Solution>
